
Microsoft Visual Studio Solution File, Format Version 12.00
# Visual Studio Version 17
VisualStudioVersion = 17.0.31903.59
MinimumVisualStudioVersion = 10.0.40219.1
Project("{FAE04EC0-301F-11D3-BF4B-00C04F79EFBC}") = "MazeRunnerCS", "MazeRunnerCS\MazeRunnerCS.csproj", "{58A02DE5-31FE-43FD-AC0F-8343F5D255D6}"
EndProject
Global
	GlobalSection(SolutionConfigurationPlatforms) = preSolution
		Debug|Any CPU = Debug|Any CPU
		Release|Any CPU = Release|Any CPU
	EndGlobalSection
	GlobalSection(ProjectConfigurationPlatforms) = postSolution
		{58A02DE5-31FE-43FD-AC0F-8343F5D255D6}.Debug|Any CPU.ActiveCfg = Debug|Any CPU
		{58A02DE5-31FE-43FD-AC0F-8343F5D255D6}.Debug|Any CPU.Build.0 = Debug|Any CPU
		{58A02DE5-31FE-43FD-AC0F-8343F5D255D6}.Release|Any CPU.ActiveCfg = Release|Any CPU
		{58A02DE5-31FE-43FD-AC0F-8343F5D255D6}.Release|Any CPU.Build.0 = Release|Any CPU
	EndGlobalSection
	GlobalSection(SolutionProperties) = preSolution
		HideSolutionNode = FALSE
	EndGlobalSection
	GlobalSection(ExtensibilityGlobals) = postSolution
		SolutionGuid = {E0EE9D48-474D-43D2-9A53-08696FD0145F}
	EndGlobalSection
EndGlobal
